
Microsoft Visual Studio Solution File, Format Version 12.00
# Visual Studio 15
VisualStudioVersion = 15.0.28010.2036
MinimumVisualStudioVersion = 10.0.40219.1
Project("{FAE04EC0-301F-11D3-BF4B-00C04F79EFBC}") = "TestApplication", "TestApplication\TestApplication.csproj", "{DC52A9FB-FBF1-4726-9B8C-0C2D9A01E773}"
EndProject
Global
	GlobalSection(SolutionConfigurationPlatforms) = preSolution
		Debug|Any CPU = Debug|Any CPU
		Release|Any CPU = Release|Any CPU
	EndGlobalSection
	GlobalSection(ProjectConfigurationPlatforms) = postSolution
		{DC52A9FB-FBF1-4726-9B8C-0C2D9A01E773}.Debug|Any CPU.ActiveCfg = Debug|Any CPU
		{DC52A9FB-FBF1-4726-9B8C-0C2D9A01E773}.Debug|Any CPU.Build.0 = Debug|Any CPU
		{DC52A9FB-FBF1-4726-9B8C-0C2D9A01E773}.Release|Any CPU.ActiveCfg = Release|Any CPU
		{DC52A9FB-FBF1-4726-9B8C-0C2D9A01E773}.Release|Any CPU.Build.0 = Release|Any CPU
	EndGlobalSection
	GlobalSection(SolutionProperties) = preSolution
		HideSolutionNode = FALSE
	EndGlobalSection
	GlobalSection(ExtensibilityGlobals) = postSolution
		SolutionGuid = {B330D1C3-9F0A-403F-98C7-94E7F34A7E79}
	EndGlobalSection
EndGlobal
